<Solution>
  <Folder Name="/src/">
    <Project Path="src/DiagKit.FlashFiles/DiagKit.FlashFiles.csproj" />
  </Folder>
  <Folder Name="/tests/">
    <Project Path="tests/DiagKit.FlashFiles.Tests/DiagKit.FlashFiles.Tests.csproj" />
  </Folder>
  <Folder Name="/解决方案项/">
    <File Path="CHANGELOG.md" />
  </Folder>
</Solution>
